// !$*UTF8*$!
{
	archiveVersion = 1;
	classes = {
	};
	objectVersion = 55;
	objects = {

/* Begin PBXBuildFile section */
		5115F34628525B7100A7DDA4 /* VistaAgregarEmpleados.swift in Sources */ = {isa = PBXBuildFile; fileRef = 5115F34528525B7100A7DDA4 /* VistaAgregarEmpleados.swift */; };
		5183BC892836B33B004111F8 /* Controller in Resources */ = {isa = PBXBuildFile; fileRef = 5183BC882836B33B004111F8 /* Controller */; };
		5183BC8B2836B344004111F8 /* Nodel in Resources */ = {isa = PBXBuildFile; fileRef = 5183BC8A2836B344004111F8 /* Nodel */; };
		5183BC8D2836B351004111F8 /* Views in Resources */ = {isa = PBXBuildFile; fileRef = 5183BC8C2836B351004111F8 /* Views */; };
		5183BC8F2836B392004111F8 /* VistaPrincipal.swift in Sources */ = {isa = PBXBuildFile; fileRef = 5183BC8E2836B392004111F8 /* VistaPrincipal.swift */; };
		5183BC912836B3DC004111F8 /* BonificacionModel.swift in Sources */ = {isa = PBXBuildFile; fileRef = 5183BC902836B3DC004111F8 /* BonificacionModel.swift */; };
		5183BC932836B46A004111F8 /* BalanceGeneral.swift in Sources */ = {isa = PBXBuildFile; fileRef = 5183BC922836B46A004111F8 /* BalanceGeneral.swift */; };
		5183BC952836B497004111F8 /* EmpleadoModel.swift in Sources */ = {isa = PBXBuildFile; fileRef = 5183BC942836B497004111F8 /* EmpleadoModel.swift */; };
		5183BC972836B4CC004111F8 /* ControladorEmpleado.swift in Sources */ = {isa = PBXBuildFile; fileRef = 5183BC962836B4CC004111F8 /* ControladorEmpleado.swift */; };
		5183BC992836B501004111F8 /* ListaEmpleados.swift in Sources */ = {isa = PBXBuildFile; fileRef = 5183BC982836B501004111F8 /* ListaEmpleados.swift */; };
		5183BC9B2836B587004111F8 /* VistaEmpleado.swift in Sources */ = {isa = PBXBuildFile; fileRef = 5183BC9A2836B587004111F8 /* VistaEmpleado.swift */; };
		51EA3729282D6E720017A463 /* Practica2App.swift in Sources */ = {isa = PBXBuildFile; fileRef = 51EA3728282D6E720017A463 /* Practica2App.swift */; };
		51EA372B282D6E720017A463 /* ContentView.swift in Sources */ = {isa = PBXBuildFile; fileRef = 51EA372A282D6E720017A463 /* ContentView.swift */; };
		51EA372D282D6E740017A463 /* Assets.xcassets in Resources */ = {isa = PBXBuildFile; fileRef = 51EA372C282D6E740017A463 /* Assets.xcassets */; };
		51EA3730282D6E740017A463 /* Preview Assets.xcassets in Resources */ = {isa = PBXBuildFile; fileRef = 51EA372F282D6E740017A463 /* Preview Assets.xcassets */; };
/* End PBXBuildFile section */

/* Begin PBXFileReference section */
		5115F34528525B7100A7DDA4 /* VistaAgregarEmpleados.swift */ = {isa = PBXFileReference; lastKnownFileType = sourcecode.swift; name = VistaAgregarEmpleados.swift; path = Views/VistaAgregarEmpleados.swift; sourceTree = "<group>"; };
		5183BC882836B33B004111F8 /* Controller */ = {isa = PBXFileReference; lastKnownFileType = folder; path = Controller; sourceTree = "<group>"; };
		5183BC8A2836B344004111F8 /* Nodel */ = {isa = PBXFileReference; lastKnownFileType = folder; path = Nodel; sourceTree = "<group>"; };
		5183BC8C2836B351004111F8 /* Views */ = {isa = PBXFileReference; lastKnownFileType = folder; path = Views; sourceTree = "<group>"; };
		5183BC8E2836B392004111F8 /* VistaPrincipal.swift */ = {isa = PBXFileReference; lastKnownFileType = sourcecode.swift; name = VistaPrincipal.swift; path = Views/VistaPrincipal.swift; sourceTree = "<group>"; };
		5183BC902836B3DC004111F8 /* BonificacionModel.swift */ = {isa = PBXFileReference; lastKnownFileType = sourcecode.swift; name = BonificacionModel.swift; path = Nodel/BonificacionModel.swift; sourceTree = "<group>"; };
		5183BC922836B46A004111F8 /* BalanceGeneral.swift */ = {isa = PBXFileReference; lastKnownFileType = sourcecode.swift; name = BalanceGeneral.swift; path = Nodel/BalanceGeneral.swift; sourceTree = "<group>"; };
		5183BC942836B497004111F8 /* EmpleadoModel.swift */ = {isa = PBXFileReference; lastKnownFileType = sourcecode.swift; name = EmpleadoModel.swift; path = Nodel/EmpleadoModel.swift; sourceTree = "<group>"; };
		5183BC962836B4CC004111F8 /* ControladorEmpleado.swift */ = {isa = PBXFileReference; lastKnownFileType = sourcecode.swift; name = ControladorEmpleado.swift; path = Controller/ControladorEmpleado.swift; sourceTree = "<group>"; };
		5183BC982836B501004111F8 /* ListaEmpleados.swift */ = {isa = PBXFileReference; lastKnownFileType = sourcecode.swift; name = ListaEmpleados.swift; path = Views/ListaEmpleados.swift; sourceTree = "<group>"; };
		5183BC9A2836B587004111F8 /* VistaEmpleado.swift */ = {isa = PBXFileReference; lastKnownFileType = sourcecode.swift; name = VistaEmpleado.swift; path = Views/VistaEmpleado.swift; sourceTree = "<group>"; };
		51EA3725282D6E720017A463 /* Practica2.app */ = {isa = PBXFileReference; explicitFileType = wrapper.application; includeInIndex = 0; path = Practica2.app; sourceTree = BUILT_PRODUCTS_DIR; };
		51EA3728282D6E720017A463 /* Practica2App.swift */ = {isa = PBXFileReference; lastKnownFileType = sourcecode.swift; path = Practica2App.swift; sourceTree = "<group>"; };
		51EA372A282D6E720017A463 /* ContentView.swift */ = {isa = PBXFileReference; lastKnownFileType = sourcecode.swift; path = ContentView.swift; sourceTree = "<group>"; };
		51EA372C282D6E740017A463 /* Assets.xcassets */ = {isa = PBXFileReference; lastKnownFileType = folder.assetcatalog; path = Assets.xcassets; sourceTree = "<group>"; };
		51EA372F282D6E740017A463 /* Preview Assets.xcassets */ = {isa = PBXFileReference; lastKnownFileType = folder.assetcatalog; path = "Preview Assets.xcassets"; sourceTree = "<group>"; };
/* End PBXFileReference section */

/* Begin PBXFrameworksBuildPhase section */
		51EA3722282D6E720017A463 /* Frameworks */ = {
			isa = PBXFrameworksBuildPhase;
			buildActionMask = 2147483647;
			files = (
			);
			runOnlyForDeploymentPostprocessing = 0;
		};
/* End PBXFrameworksBuildPhase section */

/* Begin PBXGroup section */
		51EA371C282D6E720017A463 = {
			isa = PBXGroup;
			children = (
				51EA3727282D6E720017A463 /* Practica2 */,
				51EA3726282D6E720017A463 /* Products */,
			);
			sourceTree = "<group>";
		};
		51EA3726282D6E720017A463 /* Products */ = {
			isa = PBXGroup;
			children = (
				51EA3725282D6E720017A463 /* Practica2.app */,
			);
			name = Products;
			sourceTree = "<group>";
		};
		51EA3727282D6E720017A463 /* Practica2 */ = {
			isa = PBXGroup;
			children = (
				5183BC8C2836B351004111F8 /* Views */,
				5183BC8A2836B344004111F8 /* Nodel */,
				5183BC882836B33B004111F8 /* Controller */,
				51EA3728282D6E720017A463 /* Practica2App.swift */,
				51EA372A282D6E720017A463 /* ContentView.swift */,
				51EA372C282D6E740017A463 /* Assets.xcassets */,
				51EA372E282D6E740017A463 /* Preview Content */,
				5183BC8E2836B392004111F8 /* VistaPrincipal.swift */,
				5183BC902836B3DC004111F8 /* BonificacionModel.swift */,
				5183BC922836B46A004111F8 /* BalanceGeneral.swift */,
				5183BC942836B497004111F8 /* EmpleadoModel.swift */,
				5183BC962836B4CC004111F8 /* ControladorEmpleado.swift */,
				5183BC982836B501004111F8 /* ListaEmpleados.swift */,
				5183BC9A2836B587004111F8 /* VistaEmpleado.swift */,
				5115F34528525B7100A7DDA4 /* VistaAgregarEmpleados.swift */,
			);
			path = Practica2;
			sourceTree = "<group>";
		};
		51EA372E282D6E740017A463 /* Preview Content */ = {
			isa = PBXGroup;
			children = (
				51EA372F282D6E740017A463 /* Preview Assets.xcassets */,
			);
			path = "Preview Content";
			sourceTree = "<group>";
		};
/* End PBXGroup section */

/* Begin PBXNativeTarget section */
		51EA3724282D6E720017A463 /* Practica2 */ = {
			isa = PBXNativeTarget;
			buildConfigurationList = 51EA3733282D6E740017A463 /* Build configuration list for PBXNativeTarget "Practica2" */;
			buildPhases = (
				51EA3721282D6E720017A463 /* Sources */,
				51EA3722282D6E720017A463 /* Frameworks */,
				51EA3723282D6E720017A463 /* Resources */,
			);
			buildRules = (
			);
			dependencies = (
			);
			name = Practica2;
			productName = Practica2;
			productReference = 51EA3725282D6E720017A463 /* Practica2.app */;
			productType = "com.apple.product-type.application";
		};
/* End PBXNativeTarget section */

/* Begin PBXProject section */
		51EA371D282D6E720017A463 /* Project object */ = {
			isa = PBXProject;
			attributes = {
				BuildIndependentTargetsInParallel = 1;
				LastSwiftUpdateCheck = 1320;
				LastUpgradeCheck = 1320;
				TargetAttributes = {
					51EA3724282D6E720017A463 = {
						CreatedOnToolsVersion = 13.2;
					};
				};
			};
			buildConfigurationList = 51EA3720282D6E720017A463 /* Build configuration list for PBXProject "Practica2" */;
			compatibilityVersion = "Xcode 13.0";
			developmentRegion = en;
			hasScannedForEncodings = 0;
			knownRegions = (
				en,
				Base,
			);
			mainGroup = 51EA371C282D6E720017A463;
			productRefGroup = 51EA3726282D6E720017A463 /* Products */;
			projectDirPath = "";
			projectRoot = "";
			targets = (
				51EA3724282D6E720017A463 /* Practica2 */,
			);
		};
/* End PBXProject section */

/* Begin PBXResourcesBuildPhase section */
		51EA3723282D6E720017A463 /* Resources */ = {
			isa = PBXResourcesBuildPhase;
			buildActionMask = 2147483647;
			files = (
				51EA3730282D6E740017A463 /* Preview Assets.xcassets in Resources */,
				51EA372D282D6E740017A463 /* Assets.xcassets in Resources */,
				5183BC892836B33B004111F8 /* Controller in Resources */,
				5183BC8B2836B344004111F8 /* Nodel in Resources */,
				5183BC8D2836B351004111F8 /* Views in Resources */,
			);
			runOnlyForDeploymentPostprocessing = 0;
		};
/* End PBXResourcesBuildPhase section */

/* Begin PBXSourcesBuildPhase section */
		51EA3721282D6E720017A463 /* Sources */ = {
			isa = PBXSourcesBuildPhase;
			buildActionMask = 2147483647;
			files = (
				5183BC972836B4CC004111F8 /* ControladorEmpleado.swift in Sources */,
				5183BC8F2836B392004111F8 /* VistaPrincipal.swift in Sources */,
				5183BC9B2836B587004111F8 /* VistaEmpleado.swift in Sources */,
				51EA372B282D6E720017A463 /* ContentView.swift in Sources */,
				5183BC952836B497004111F8 /* EmpleadoModel.swift in Sources */,
				51EA3729282D6E720017A463 /* Practica2App.swift in Sources */,
				5183BC912836B3DC004111F8 /* BonificacionModel.swift in Sources */,
				5183BC992836B501004111F8 /* ListaEmpleados.swift in Sources */,
				5115F34628525B7100A7DDA4 /* VistaAgregarEmpleados.swift in Sources */,
				5183BC932836B46A004111F8 /* BalanceGeneral.swift in Sources */,
			);
			runOnlyForDeploymentPostprocessing = 0;
		};
/* End PBXSourcesBuildPhase section */

/* Begin XCBuildConfiguration section */
		51EA3731282D6E740017A463 /* Debug */ = {
			isa = XCBuildConfiguration;
			buildSettings = {
				ALWAYS_SEARCH_USER_PATHS = NO;
				CLANG_ANALYZER_NONNULL = YES;
				CLANG_ANALYZER_NUMBER_OBJECT_CONVERSION = YES_AGGRESSIVE;
				CLANG_CXX_LANGUAGE_STANDARD = "gnu++17";
				CLANG_CXX_LIBRARY = "libc++";
				CLANG_ENABLE_MODULES = YES;
				CLANG_ENABLE_OBJC_ARC = YES;
				CLANG_ENABLE_OBJC_WEAK = YES;
				CLANG_WARN_BLOCK_CAPTURE_AUTORELEASING = YES;
				CLANG_WARN_BOOL_CONVERSION = YES;
				CLANG_WARN_COMMA = YES;
				CLANG_WARN_CONSTANT_CONVERSION = YES;
				CLANG_WARN_DEPRECATED_OBJC_IMPLEMENTATIONS = YES;
				CLANG_WARN_DIRECT_OBJC_ISA_USAGE = YES_ERROR;
				CLANG_WARN_DOCUMENTATION_COMMENTS = YES;
				CLANG_WARN_EMPTY_BODY = YES;
				CLANG_WARN_ENUM_CONVERSION = YES;
				CLANG_WARN_INFINITE_RECURSION = YES;
				CLANG_WARN_INT_CONVERSION = YES;
				CLANG_WARN_NON_LITERAL_NULL_CONVERSION = YES;
				CLANG_WARN_OBJC_IMPLICIT_RETAIN_SELF = YES;
				CLANG_WARN_OBJC_LITERAL_CONVERSION = YES;
				CLANG_WARN_OBJC_ROOT_CLASS = YES_ERROR;
				CLANG_WARN_QUOTED_INCLUDE_IN_FRAMEWORK_HEADER = YES;
				CLANG_WARN_RANGE_LOOP_ANALYSIS = YES;
				CLANG_WARN_STRICT_PROTOTYPES = YES;
				CLANG_WARN_SUSPICIOUS_MOVE = YES;
				CLANG_WARN_UNGUARDED_AVAILABILITY = YES_AGGRESSIVE;
				CLANG_WARN_UNREACHABLE_CODE = YES;
				CLANG_WARN__DUPLICATE_METHOD_MATCH = YES;
				COPY_PHASE_STRIP = NO;
				DEBUG_INFORMATION_FORMAT = dwarf;
				ENABLE_STRICT_OBJC_MSGSEND = YES;
				ENABLE_TESTABILITY = YES;
				GCC_C_LANGUAGE_STANDARD = gnu11;
				GCC_DYNAMIC_NO_PIC = NO;
				GCC_NO_COMMON_BLOCKS = YES;
				GCC_OPTIMIZATION_LEVEL = 0;
				GCC_PREPROCESSOR_DEFINITIONS = (
					"DEBUG=1",
					"$(inherited)",
				);
				GCC_WARN_64_TO_32_BIT_CONVERSION = YES;
				GCC_WARN_ABOUT_RETURN_TYPE = YES_ERROR;
				GCC_WARN_UNDECLARED_SELECTOR = YES;
				GCC_WARN_UNINITIALIZED_AUTOS = YES_AGGRESSIVE;
				GCC_WARN_UNUSED_FUNCTION = YES;
				GCC_WARN_UNUSED_VARIABLE = YES;
				IPHONEOS_DEPLOYMENT_TARGET = 15.2;
				MTL_ENABLE_DEBUG_INFO = INCLUDE_SOURCE;
				MTL_FAST_MATH = YES;
				ONLY_ACTIVE_ARCH = YES;
				SDKROOT = iphoneos;
				SWIFT_ACTIVE_COMPILATION_CONDITIONS = DEBUG;
				SWIFT_OPTIMIZATION_LEVEL = "-Onone";
			};
			name = Debug;
		};
		51EA3732282D6E740017A463 /* Release */ = {
			isa = XCBuildConfiguration;
			buildSettings = {
				ALWAYS_SEARCH_USER_PATHS = NO;
				CLANG_ANALYZER_NONNULL = YES;
				CLANG_ANALYZER_NUMBER_OBJECT_CONVERSION = YES_AGGRESSIVE;
				CLANG_CXX_LANGUAGE_STANDARD = "gnu++17";
				CLANG_CXX_LIBRARY = "libc++";
				CLANG_ENABLE_MODULES = YES;
				CLANG_ENABLE_OBJC_ARC = YES;
				CLANG_ENABLE_OBJC_WEAK = YES;
				CLANG_WARN_BLOCK_CAPTURE_AUTORELEASING = YES;
				CLANG_WARN_BOOL_CONVERSION = YES;
				CLANG_WARN_COMMA = YES;
				CLANG_WARN_CONSTANT_CONVERSION = YES;
				CLANG_WARN_DEPRECATED_OBJC_IMPLEMENTATIONS = YES;
				CLANG_WARN_DIRECT_OBJC_ISA_USAGE = YES_ERROR;
				CLANG_WARN_DOCUMENTATION_COMMENTS = YES;
				CLANG_WARN_EMPTY_BODY = YES;
				CLANG_WARN_ENUM_CONVERSION = YES;
				CLANG_WARN_INFINITE_RECURSION = YES;
				CLANG_WARN_INT_CONVERSION = YES;
				CLANG_WARN_NON_LITERAL_NULL_CONVERSION = YES;
				CLANG_WARN_OBJC_IMPLICIT_RETAIN_SELF = YES;
				CLANG_WARN_OBJC_LITERAL_CONVERSION = YES;
				CLANG_WARN_OBJC_ROOT_CLASS = YES_ERROR;
				CLANG_WARN_QUOTED_INCLUDE_IN_FRAMEWORK_HEADER = YES;
				CLANG_WARN_RANGE_LOOP_ANALYSIS = YES;
				CLANG_WARN_STRICT_PROTOTYPES = YES;
				CLANG_WARN_SUSPICIOUS_MOVE = YES;
				CLANG_WARN_UNGUARDED_AVAILABILITY = YES_AGGRESSIVE;
				CLANG_WARN_UNREACHABLE_CODE = YES;
				CLANG_WARN__DUPLICATE_METHOD_MATCH = YES;
				COPY_PHASE_STRIP = NO;
				DEBUG_INFORMATION_FORMAT = "dwarf-with-dsym";
				ENABLE_NS_ASSERTIONS = NO;
				ENABLE_STRICT_OBJC_MSGSEND = YES;
				GCC_C_LANGUAGE_STANDARD = gnu11;
				GCC_NO_COMMON_BLOCKS = YES;
				GCC_WARN_64_TO_32_BIT_CONVERSION = YES;
				GCC_WARN_ABOUT_RETURN_TYPE = YES_ERROR;
				GCC_WARN_UNDECLARED_SELECTOR = YES;
				GCC_WARN_UNINITIALIZED_AUTOS = YES_AGGRESSIVE;
				GCC_WARN_UNUSED_FUNCTION = YES;
				GCC_WARN_UNUSED_VARIABLE = YES;
				IPHONEOS_DEPLOYMENT_TARGET = 15.2;
				MTL_ENABLE_DEBUG_INFO = NO;
				MTL_FAST_MATH = YES;
				SDKROOT = iphoneos;
				SWIFT_COMPILATION_MODE = wholemodule;
				SWIFT_OPTIMIZATION_LEVEL = "-O";
				VALIDATE_PRODUCT = YES;
			};
			name = Release;
		};
		51EA3734282D6E740017A463 /* Debug */ = {
			isa = XCBuildConfiguration;
			buildSettings = {
				ASSETCATALOG_COMPILER_APPICON_NAME = AppIcon;
				ASSETCATALOG_COMPILER_GLOBAL_ACCENT_COLOR_NAME = AccentColor;
				CODE_SIGN_STYLE = Automatic;
				CURRENT_PROJECT_VERSION = 1;
				DEVELOPMENT_ASSET_PATHS = "\"Practica2/Preview Content\"";
				ENABLE_PREVIEWS = YES;
				GENERATE_INFOPLIST_FILE = YES;
				INFOPLIST_KEY_UIApplicationSceneManifest_Generation = YES;
				INFOPLIST_KEY_UIApplicationSupportsIndirectInputEvents = YES;
				INFOPLIST_KEY_UILaunchScreen_Generation = YES;
				INFOPLIST_KEY_UISupportedInterfaceOrientations_iPad = "UIInterfaceOrientationPortrait UIInterfaceOrientationPortraitUpsideDown UIInterfaceOrientationLandscapeLeft UIInterfaceOrientationLandscapeRight";
				INFOPLIST_KEY_UISupportedInterfaceOrientations_iPhone = "UIInterfaceOrientationPortrait UIInterfaceOrientationLandscapeLeft UIInterfaceOrientationLandscapeRight";
				LD_RUNPATH_SEARCH_PATHS = (
					"$(inherited)",
					"@executable_path/Frameworks",
				);
				MARKETING_VERSION = 1.0;
				PRODUCT_BUNDLE_IDENTIFIER = unam.fca.ios.Practica2;
				PRODUCT_NAME = "$(TARGET_NAME)";
				SWIFT_EMIT_LOC_STRINGS = YES;
				SWIFT_VERSION = 5.0;
				TARGETED_DEVICE_FAMILY = "1,2";
			};
			name = Debug;
		};
		51EA3735282D6E740017A463 /* Release */ = {
			isa = XCBuildConfiguration;
			buildSettings = {
				ASSETCATALOG_COMPILER_APPICON_NAME = AppIcon;
				ASSETCATALOG_COMPILER_GLOBAL_ACCENT_COLOR_NAME = AccentColor;
				CODE_SIGN_STYLE = Automatic;
				CURRENT_PROJECT_VERSION = 1;
				DEVELOPMENT_ASSET_PATHS = "\"Practica2/Preview Content\"";
				ENABLE_PREVIEWS = YES;
				GENERATE_INFOPLIST_FILE = YES;
				INFOPLIST_KEY_UIApplicationSceneManifest_Generation = YES;
				INFOPLIST_KEY_UIApplicationSupportsIndirectInputEvents = YES;
				INFOPLIST_KEY_UILaunchScreen_Generation = YES;
				INFOPLIST_KEY_UISupportedInterfaceOrientations_iPad = "UIInterfaceOrientationPortrait UIInterfaceOrientationPortraitUpsideDown UIInterfaceOrientationLandscapeLeft UIInterfaceOrientationLandscapeRight";
				INFOPLIST_KEY_UISupportedInterfaceOrientations_iPhone = "UIInterfaceOrientationPortrait UIInterfaceOrientationLandscapeLeft UIInterfaceOrientationLandscapeRight";
				LD_RUNPATH_SEARCH_PATHS = (
					"$(inherited)",
					"@executable_path/Frameworks",
				);
				MARKETING_VERSION = 1.0;
				PRODUCT_BUNDLE_IDENTIFIER = unam.fca.ios.Practica2;
				PRODUCT_NAME = "$(TARGET_NAME)";
				SWIFT_EMIT_LOC_STRINGS = YES;
				SWIFT_VERSION = 5.0;
				TARGETED_DEVICE_FAMILY = "1,2";
			};
			name = Release;
		};
/* End XCBuildConfiguration section */

/* Begin XCConfigurationList section */
		51EA3720282D6E720017A463 /* Build configuration list for PBXProject "Practica2" */ = {
			isa = XCConfigurationList;
			buildConfigurations = (
				51EA3731282D6E740017A463 /* Debug */,
				51EA3732282D6E740017A463 /* Release */,
			);
			defaultConfigurationIsVisible = 0;
			defaultConfigurationName = Release;
		};
		51EA3733282D6E740017A463 /* Build configuration list for PBXNativeTarget "Practica2" */ = {
			isa = XCConfigurationList;
			buildConfigurations = (
				51EA3734282D6E740017A463 /* Debug */,
				51EA3735282D6E740017A463 /* Release */,
			);
			defaultConfigurationIsVisible = 0;
			defaultConfigurationName = Release;
		};
/* End XCConfigurationList section */
	};
	rootObject = 51EA371D282D6E720017A463 /* Project object */;
}
